// !$*UTF8*$!
{
	archiveVersion = 1;
	classes = {
	};
	objectVersion = 56;
	objects = {

/* Begin PBXBuildFile section */
		69D2F948295D0FB700BE8C96 /* triviaCapStoneApp.swift in Sources */ = {isa = PBXBuildFile; fileRef = 69D2F947295D0FB700BE8C96 /* triviaCapStoneApp.swift */; };
		69D2F94A295D0FB700BE8C96 /* ContentView.swift in Sources */ = {isa = PBXBuildFile; fileRef = 69D2F949295D0FB700BE8C96 /* ContentView.swift */; };
		69D2F94C295D0FB900BE8C96 /* Assets.xcassets in Resources */ = {isa = PBXBuildFile; fileRef = 69D2F94B295D0FB900BE8C96 /* Assets.xcassets */; };
		69D2F94F295D0FB900BE8C96 /* Preview Assets.xcassets in Resources */ = {isa = PBXBuildFile; fileRef = 69D2F94E295D0FB900BE8C96 /* Preview Assets.xcassets */; };
		69D2F957295D13B300BE8C96 /* PrimaryButton.swift in Sources */ = {isa = PBXBuildFile; fileRef = 69D2F956295D13B300BE8C96 /* PrimaryButton.swift */; };
		69D2F95B295D179900BE8C96 /* Extensions.swift in Sources */ = {isa = PBXBuildFile; fileRef = 69D2F95A295D179900BE8C96 /* Extensions.swift */; };
		69D2F95D295D186500BE8C96 /* QuestionView.swift in Sources */ = {isa = PBXBuildFile; fileRef = 69D2F95C295D186500BE8C96 /* QuestionView.swift */; };
		69D2F95F295D199000BE8C96 /* ProgressBar.swift in Sources */ = {isa = PBXBuildFile; fileRef = 69D2F95E295D199000BE8C96 /* ProgressBar.swift */; };
		69D2F962295D1C3900BE8C96 /* Answer.swift in Sources */ = {isa = PBXBuildFile; fileRef = 69D2F961295D1C3900BE8C96 /* Answer.swift */; };
		69D2F964295D1C8400BE8C96 /* AnswerRow.swift in Sources */ = {isa = PBXBuildFile; fileRef = 69D2F963295D1C8400BE8C96 /* AnswerRow.swift */; };
		69D2F966295D249400BE8C96 /* TriviaView.swift in Sources */ = {isa = PBXBuildFile; fileRef = 69D2F965295D249400BE8C96 /* TriviaView.swift */; };
		69D2F968295D25AE00BE8C96 /* Trivia.swift in Sources */ = {isa = PBXBuildFile; fileRef = 69D2F967295D25AE00BE8C96 /* Trivia.swift */; };
		69D2F96A295D2A4600BE8C96 /* TriviaManager.swift in Sources */ = {isa = PBXBuildFile; fileRef = 69D2F969295D2A4600BE8C96 /* TriviaManager.swift */; };
		69D2F96D2965F06300BE8C96 /* ConfettiSwiftUI in Frameworks */ = {isa = PBXBuildFile; productRef = 69D2F96C2965F06300BE8C96 /* ConfettiSwiftUI */; };
		69D2F97329663CA900BE8C96 /* SwiftUIView.swift in Sources */ = {isa = PBXBuildFile; fileRef = 69D2F97229663CA900BE8C96 /* SwiftUIView.swift */; };
		69D2F9752967762100BE8C96 /* Ext.swift in Sources */ = {isa = PBXBuildFile; fileRef = 69D2F9742967762100BE8C96 /* Ext.swift */; };
/* End PBXBuildFile section */

/* Begin PBXFileReference section */
		69D2F944295D0FB700BE8C96 /* triviaCapStone.app */ = {isa = PBXFileReference; explicitFileType = wrapper.application; includeInIndex = 0; path = triviaCapStone.app; sourceTree = BUILT_PRODUCTS_DIR; };
		69D2F947295D0FB700BE8C96 /* triviaCapStoneApp.swift */ = {isa = PBXFileReference; lastKnownFileType = sourcecode.swift; path = triviaCapStoneApp.swift; sourceTree = "<group>"; };
		69D2F949295D0FB700BE8C96 /* ContentView.swift */ = {isa = PBXFileReference; lastKnownFileType = sourcecode.swift; path = ContentView.swift; sourceTree = "<group>"; };
		69D2F94B295D0FB900BE8C96 /* Assets.xcassets */ = {isa = PBXFileReference; lastKnownFileType = folder.assetcatalog; path = Assets.xcassets; sourceTree = "<group>"; };
		69D2F94E295D0FB900BE8C96 /* Preview Assets.xcassets */ = {isa = PBXFileReference; lastKnownFileType = folder.assetcatalog; path = "Preview Assets.xcassets"; sourceTree = "<group>"; };
		69D2F956295D13B300BE8C96 /* PrimaryButton.swift */ = {isa = PBXFileReference; lastKnownFileType = sourcecode.swift; path = PrimaryButton.swift; sourceTree = "<group>"; };
		69D2F95A295D179900BE8C96 /* Extensions.swift */ = {isa = PBXFileReference; lastKnownFileType = sourcecode.swift; path = Extensions.swift; sourceTree = "<group>"; };
		69D2F95C295D186500BE8C96 /* QuestionView.swift */ = {isa = PBXFileReference; lastKnownFileType = sourcecode.swift; path = QuestionView.swift; sourceTree = "<group>"; };
		69D2F95E295D199000BE8C96 /* ProgressBar.swift */ = {isa = PBXFileReference; lastKnownFileType = sourcecode.swift; path = ProgressBar.swift; sourceTree = "<group>"; };
		69D2F961295D1C3900BE8C96 /* Answer.swift */ = {isa = PBXFileReference; lastKnownFileType = sourcecode.swift; path = Answer.swift; sourceTree = "<group>"; };
		69D2F963295D1C8400BE8C96 /* AnswerRow.swift */ = {isa = PBXFileReference; lastKnownFileType = sourcecode.swift; path = AnswerRow.swift; sourceTree = "<group>"; };
		69D2F965295D249400BE8C96 /* TriviaView.swift */ = {isa = PBXFileReference; lastKnownFileType = sourcecode.swift; path = TriviaView.swift; sourceTree = "<group>"; };
		69D2F967295D25AE00BE8C96 /* Trivia.swift */ = {isa = PBXFileReference; lastKnownFileType = sourcecode.swift; path = Trivia.swift; sourceTree = "<group>"; };
		69D2F969295D2A4600BE8C96 /* TriviaManager.swift */ = {isa = PBXFileReference; lastKnownFileType = sourcecode.swift; path = TriviaManager.swift; sourceTree = "<group>"; };
		69D2F97229663CA900BE8C96 /* SwiftUIView.swift */ = {isa = PBXFileReference; lastKnownFileType = sourcecode.swift; path = SwiftUIView.swift; sourceTree = "<group>"; };
		69D2F9742967762100BE8C96 /* Ext.swift */ = {isa = PBXFileReference; lastKnownFileType = sourcecode.swift; path = Ext.swift; sourceTree = "<group>"; };
/* End PBXFileReference section */

/* Begin PBXFrameworksBuildPhase section */
		69D2F941295D0FB700BE8C96 /* Frameworks */ = {
			isa = PBXFrameworksBuildPhase;
			buildActionMask = 2147483647;
			files = (
				69D2F96D2965F06300BE8C96 /* ConfettiSwiftUI in Frameworks */,
			);
			runOnlyForDeploymentPostprocessing = 0;
		};
/* End PBXFrameworksBuildPhase section */

/* Begin PBXGroup section */
		69D2F93B295D0FB700BE8C96 = {
			isa = PBXGroup;
			children = (
				69D2F946295D0FB700BE8C96 /* triviaCapStone */,
				69D2F945295D0FB700BE8C96 /* Products */,
			);
			sourceTree = "<group>";
		};
		69D2F945295D0FB700BE8C96 /* Products */ = {
			isa = PBXGroup;
			children = (
				69D2F944295D0FB700BE8C96 /* triviaCapStone.app */,
			);
			name = Products;
			sourceTree = "<group>";
		};
		69D2F946295D0FB700BE8C96 /* triviaCapStone */ = {
			isa = PBXGroup;
			children = (
				69D2F947295D0FB700BE8C96 /* triviaCapStoneApp.swift */,
				69D2F95A295D179900BE8C96 /* Extensions.swift */,
				69D2F960295D1C2000BE8C96 /* Models */,
				69D2F959295D14D400BE8C96 /* Views */,
				69D2F955295D138600BE8C96 /* Componets */,
				69D2F94D295D0FB900BE8C96 /* Preview Content */,
				69D2F969295D2A4600BE8C96 /* TriviaManager.swift */,
			);
			path = triviaCapStone;
			sourceTree = "<group>";
		};
		69D2F94D295D0FB900BE8C96 /* Preview Content */ = {
			isa = PBXGroup;
			children = (
				69D2F94E295D0FB900BE8C96 /* Preview Assets.xcassets */,
			);
			path = "Preview Content";
			sourceTree = "<group>";
		};
		69D2F955295D138600BE8C96 /* Componets */ = {
			isa = PBXGroup;
			children = (
				69D2F956295D13B300BE8C96 /* PrimaryButton.swift */,
				69D2F95E295D199000BE8C96 /* ProgressBar.swift */,
				69D2F963295D1C8400BE8C96 /* AnswerRow.swift */,
			);
			path = Componets;
			sourceTree = "<group>";
		};
		69D2F959295D14D400BE8C96 /* Views */ = {
			isa = PBXGroup;
			children = (
				69D2F949295D0FB700BE8C96 /* ContentView.swift */,
				69D2F95C295D186500BE8C96 /* QuestionView.swift */,
				69D2F965295D249400BE8C96 /* TriviaView.swift */,
				69D2F97229663CA900BE8C96 /* SwiftUIView.swift */,
				69D2F9742967762100BE8C96 /* Ext.swift */,
			);
			path = Views;
			sourceTree = "<group>";
		};
		69D2F960295D1C2000BE8C96 /* Models */ = {
			isa = PBXGroup;
			children = (
				69D2F961295D1C3900BE8C96 /* Answer.swift */,
				69D2F967295D25AE00BE8C96 /* Trivia.swift */,
				69D2F94B295D0FB900BE8C96 /* Assets.xcassets */,
			);
			path = Models;
			sourceTree = "<group>";
		};
/* End PBXGroup section */

/* Begin PBXNativeTarget section */
		69D2F943295D0FB700BE8C96 /* triviaCapStone */ = {
			isa = PBXNativeTarget;
			buildConfigurationList = 69D2F952295D0FB900BE8C96 /* Build configuration list for PBXNativeTarget "triviaCapStone" */;
			buildPhases = (
				69D2F940295D0FB700BE8C96 /* Sources */,
				69D2F941295D0FB700BE8C96 /* Frameworks */,
				69D2F942295D0FB700BE8C96 /* Resources */,
			);
			buildRules = (
			);
			dependencies = (
			);
			name = triviaCapStone;
			packageProductDependencies = (
				69D2F96C2965F06300BE8C96 /* ConfettiSwiftUI */,
			);
			productName = triviaCapStone;
			productReference = 69D2F944295D0FB700BE8C96 /* triviaCapStone.app */;
			productType = "com.apple.product-type.application";
		};
/* End PBXNativeTarget section */

/* Begin PBXProject section */
		69D2F93C295D0FB700BE8C96 /* Project object */ = {
			isa = PBXProject;
			attributes = {
				BuildIndependentTargetsInParallel = 1;
				LastSwiftUpdateCheck = 1420;
				LastUpgradeCheck = 1420;
				TargetAttributes = {
					69D2F943295D0FB700BE8C96 = {
						CreatedOnToolsVersion = 14.2;
					};
				};
			};
			buildConfigurationList = 69D2F93F295D0FB700BE8C96 /* Build configuration list for PBXProject "triviaCapStone" */;
			compatibilityVersion = "Xcode 14.0";
			developmentRegion = en;
			hasScannedForEncodings = 0;
			knownRegions = (
				en,
				Base,
			);
			mainGroup = 69D2F93B295D0FB700BE8C96;
			packageReferences = (
				69D2F96B2965F06300BE8C96 /* XCRemoteSwiftPackageReference "ConfettiSwiftUI" */,
			);
			productRefGroup = 69D2F945295D0FB700BE8C96 /* Products */;
			projectDirPath = "";
			projectRoot = "";
			targets = (
				69D2F943295D0FB700BE8C96 /* triviaCapStone */,
			);
		};
/* End PBXProject section */

/* Begin PBXResourcesBuildPhase section */
		69D2F942295D0FB700BE8C96 /* Resources */ = {
			isa = PBXResourcesBuildPhase;
			buildActionMask = 2147483647;
			files = (
				69D2F94F295D0FB900BE8C96 /* Preview Assets.xcassets in Resources */,
				69D2F94C295D0FB900BE8C96 /* Assets.xcassets in Resources */,
			);
			runOnlyForDeploymentPostprocessing = 0;
		};
/* End PBXResourcesBuildPhase section */

/* Begin PBXSourcesBuildPhase section */
		69D2F940295D0FB700BE8C96 /* Sources */ = {
			isa = PBXSourcesBuildPhase;
			buildActionMask = 2147483647;
			files = (
				69D2F95D295D186500BE8C96 /* QuestionView.swift in Sources */,
				69D2F966295D249400BE8C96 /* TriviaView.swift in Sources */,
				69D2F97329663CA900BE8C96 /* SwiftUIView.swift in Sources */,
				69D2F968295D25AE00BE8C96 /* Trivia.swift in Sources */,
				69D2F957295D13B300BE8C96 /* PrimaryButton.swift in Sources */,
				69D2F9752967762100BE8C96 /* Ext.swift in Sources */,
				69D2F96A295D2A4600BE8C96 /* TriviaManager.swift in Sources */,
				69D2F964295D1C8400BE8C96 /* AnswerRow.swift in Sources */,
				69D2F94A295D0FB700BE8C96 /* ContentView.swift in Sources */,
				69D2F962295D1C3900BE8C96 /* Answer.swift in Sources */,
				69D2F948295D0FB700BE8C96 /* triviaCapStoneApp.swift in Sources */,
				69D2F95F295D199000BE8C96 /* ProgressBar.swift in Sources */,
				69D2F95B295D179900BE8C96 /* Extensions.swift in Sources */,
			);
			runOnlyForDeploymentPostprocessing = 0;
		};
/* End PBXSourcesBuildPhase section */

/* Begin XCBuildConfiguration section */
		69D2F950295D0FB900BE8C96 /* Debug */ = {
			isa = XCBuildConfiguration;
			buildSettings = {
				ALWAYS_SEARCH_USER_PATHS = NO;
				CLANG_ANALYZER_NONNULL = YES;
				CLANG_ANALYZER_NUMBER_OBJECT_CONVERSION = YES_AGGRESSIVE;
				CLANG_CXX_LANGUAGE_STANDARD = "gnu++20";
				CLANG_ENABLE_MODULES = YES;
				CLANG_ENABLE_OBJC_ARC = YES;
				CLANG_ENABLE_OBJC_WEAK = YES;
				CLANG_WARN_BLOCK_CAPTURE_AUTORELEASING = YES;
				CLANG_WARN_BOOL_CONVERSION = YES;
				CLANG_WARN_COMMA = YES;
				CLANG_WARN_CONSTANT_CONVERSION = YES;
				CLANG_WARN_DEPRECATED_OBJC_IMPLEMENTATIONS = YES;
				CLANG_WARN_DIRECT_OBJC_ISA_USAGE = YES_ERROR;
				CLANG_WARN_DOCUMENTATION_COMMENTS = YES;
				CLANG_WARN_EMPTY_BODY = YES;
				CLANG_WARN_ENUM_CONVERSION = YES;
				CLANG_WARN_INFINITE_RECURSION = YES;
				CLANG_WARN_INT_CONVERSION = YES;
				CLANG_WARN_NON_LITERAL_NULL_CONVERSION = YES;
				CLANG_WARN_OBJC_IMPLICIT_RETAIN_SELF = YES;
				CLANG_WARN_OBJC_LITERAL_CONVERSION = YES;
				CLANG_WARN_OBJC_ROOT_CLASS = YES_ERROR;
				CLANG_WARN_QUOTED_INCLUDE_IN_FRAMEWORK_HEADER = YES;
				CLANG_WARN_RANGE_LOOP_ANALYSIS = YES;
				CLANG_WARN_STRICT_PROTOTYPES = YES;
				CLANG_WARN_SUSPICIOUS_MOVE = YES;
				CLANG_WARN_UNGUARDED_AVAILABILITY = YES_AGGRESSIVE;
				CLANG_WARN_UNREACHABLE_CODE = YES;
				CLANG_WARN__DUPLICATE_METHOD_MATCH = YES;
				COPY_PHASE_STRIP = NO;
				DEBUG_INFORMATION_FORMAT = dwarf;
				ENABLE_STRICT_OBJC_MSGSEND = YES;
				ENABLE_TESTABILITY = YES;
				GCC_C_LANGUAGE_STANDARD = gnu11;
				GCC_DYNAMIC_NO_PIC = NO;
				GCC_NO_COMMON_BLOCKS = YES;
				GCC_OPTIMIZATION_LEVEL = 0;
				GCC_PREPROCESSOR_DEFINITIONS = (
					"DEBUG=1",
					"$(inherited)",
				);
				GCC_WARN_64_TO_32_BIT_CONVERSION = YES;
				GCC_WARN_ABOUT_RETURN_TYPE = YES_ERROR;
				GCC_WARN_UNDECLARED_SELECTOR = YES;
				GCC_WARN_UNINITIALIZED_AUTOS = YES_AGGRESSIVE;
				GCC_WARN_UNUSED_FUNCTION = YES;
				GCC_WARN_UNUSED_VARIABLE = YES;
				IPHONEOS_DEPLOYMENT_TARGET = 16.2;
				MTL_ENABLE_DEBUG_INFO = INCLUDE_SOURCE;
				MTL_FAST_MATH = YES;
				ONLY_ACTIVE_ARCH = YES;
				SDKROOT = iphoneos;
				SWIFT_ACTIVE_COMPILATION_CONDITIONS = DEBUG;
				SWIFT_OPTIMIZATION_LEVEL = "-Onone";
			};
			name = Debug;
		};
		69D2F951295D0FB900BE8C96 /* Release */ = {
			isa = XCBuildConfiguration;
			buildSettings = {
				ALWAYS_SEARCH_USER_PATHS = NO;
				CLANG_ANALYZER_NONNULL = YES;
				CLANG_ANALYZER_NUMBER_OBJECT_CONVERSION = YES_AGGRESSIVE;
				CLANG_CXX_LANGUAGE_STANDARD = "gnu++20";
				CLANG_ENABLE_MODULES = YES;
				CLANG_ENABLE_OBJC_ARC = YES;
				CLANG_ENABLE_OBJC_WEAK = YES;
				CLANG_WARN_BLOCK_CAPTURE_AUTORELEASING = YES;
				CLANG_WARN_BOOL_CONVERSION = YES;
				CLANG_WARN_COMMA = YES;
				CLANG_WARN_CONSTANT_CONVERSION = YES;
				CLANG_WARN_DEPRECATED_OBJC_IMPLEMENTATIONS = YES;
				CLANG_WARN_DIRECT_OBJC_ISA_USAGE = YES_ERROR;
				CLANG_WARN_DOCUMENTATION_COMMENTS = YES;
				CLANG_WARN_EMPTY_BODY = YES;
				CLANG_WARN_ENUM_CONVERSION = YES;
				CLANG_WARN_INFINITE_RECURSION = YES;
				CLANG_WARN_INT_CONVERSION = YES;
				CLANG_WARN_NON_LITERAL_NULL_CONVERSION = YES;
				CLANG_WARN_OBJC_IMPLICIT_RETAIN_SELF = YES;
				CLANG_WARN_OBJC_LITERAL_CONVERSION = YES;
				CLANG_WARN_OBJC_ROOT_CLASS = YES_ERROR;
				CLANG_WARN_QUOTED_INCLUDE_IN_FRAMEWORK_HEADER = YES;
				CLANG_WARN_RANGE_LOOP_ANALYSIS = YES;
				CLANG_WARN_STRICT_PROTOTYPES = YES;
				CLANG_WARN_SUSPICIOUS_MOVE = YES;
				CLANG_WARN_UNGUARDED_AVAILABILITY = YES_AGGRESSIVE;
				CLANG_WARN_UNREACHABLE_CODE = YES;
				CLANG_WARN__DUPLICATE_METHOD_MATCH = YES;
				COPY_PHASE_STRIP = NO;
				DEBUG_INFORMATION_FORMAT = "dwarf-with-dsym";
				ENABLE_NS_ASSERTIONS = NO;
				ENABLE_STRICT_OBJC_MSGSEND = YES;
				GCC_C_LANGUAGE_STANDARD = gnu11;
				GCC_NO_COMMON_BLOCKS = YES;
				GCC_WARN_64_TO_32_BIT_CONVERSION = YES;
				GCC_WARN_ABOUT_RETURN_TYPE = YES_ERROR;
				GCC_WARN_UNDECLARED_SELECTOR = YES;
				GCC_WARN_UNINITIALIZED_AUTOS = YES_AGGRESSIVE;
				GCC_WARN_UNUSED_FUNCTION = YES;
				GCC_WARN_UNUSED_VARIABLE = YES;
				IPHONEOS_DEPLOYMENT_TARGET = 16.2;
				MTL_ENABLE_DEBUG_INFO = NO;
				MTL_FAST_MATH = YES;
				SDKROOT = iphoneos;
				SWIFT_COMPILATION_MODE = wholemodule;
				SWIFT_OPTIMIZATION_LEVEL = "-O";
				VALIDATE_PRODUCT = YES;
			};
			name = Release;
		};
		69D2F953295D0FB900BE8C96 /* Debug */ = {
			isa = XCBuildConfiguration;
			buildSettings = {
				ASSETCATALOG_COMPILER_APPICON_NAME = AppIcon;
				ASSETCATALOG_COMPILER_GLOBAL_ACCENT_COLOR_NAME = AccentColor;
				CODE_SIGN_STYLE = Automatic;
				CURRENT_PROJECT_VERSION = 1;
				DEVELOPMENT_ASSET_PATHS = "\"triviaCapStone/Preview Content\"";
				DEVELOPMENT_TEAM = RZ5FJYD8T8;
				ENABLE_PREVIEWS = YES;
				GENERATE_INFOPLIST_FILE = YES;
				INFOPLIST_KEY_CFBundleDisplayName = Trarak;
				INFOPLIST_KEY_UIApplicationSceneManifest_Generation = YES;
				INFOPLIST_KEY_UIApplicationSupportsIndirectInputEvents = YES;
				INFOPLIST_KEY_UILaunchScreen_Generation = YES;
				INFOPLIST_KEY_UISupportedInterfaceOrientations_iPad = "UIInterfaceOrientationPortrait UIInterfaceOrientationPortraitUpsideDown UIInterfaceOrientationLandscapeLeft UIInterfaceOrientationLandscapeRight";
				INFOPLIST_KEY_UISupportedInterfaceOrientations_iPhone = "UIInterfaceOrientationPortrait UIInterfaceOrientationLandscapeLeft UIInterfaceOrientationLandscapeRight";
				LD_RUNPATH_SEARCH_PATHS = (
					"$(inherited)",
					"@executable_path/Frameworks",
				);
				MARKETING_VERSION = 1.0;
				PRODUCT_BUNDLE_IDENTIFIER = alexquintero.TrarakCapStone;
				PRODUCT_NAME = "$(TARGET_NAME)";
				SWIFT_EMIT_LOC_STRINGS = YES;
				SWIFT_VERSION = 5.0;
				TARGETED_DEVICE_FAMILY = "1,2";
			};
			name = Debug;
		};
		69D2F954295D0FB900BE8C96 /* Release */ = {
			isa = XCBuildConfiguration;
			buildSettings = {
				ASSETCATALOG_COMPILER_APPICON_NAME = AppIcon;
				ASSETCATALOG_COMPILER_GLOBAL_ACCENT_COLOR_NAME = AccentColor;
				CODE_SIGN_STYLE = Automatic;
				CURRENT_PROJECT_VERSION = 1;
				DEVELOPMENT_ASSET_PATHS = "\"triviaCapStone/Preview Content\"";
				DEVELOPMENT_TEAM = RZ5FJYD8T8;
				ENABLE_PREVIEWS = YES;
				GENERATE_INFOPLIST_FILE = YES;
				INFOPLIST_KEY_CFBundleDisplayName = Trarak;
				INFOPLIST_KEY_UIApplicationSceneManifest_Generation = YES;
				INFOPLIST_KEY_UIApplicationSupportsIndirectInputEvents = YES;
				INFOPLIST_KEY_UILaunchScreen_Generation = YES;
				INFOPLIST_KEY_UISupportedInterfaceOrientations_iPad = "UIInterfaceOrientationPortrait UIInterfaceOrientationPortraitUpsideDown UIInterfaceOrientationLandscapeLeft UIInterfaceOrientationLandscapeRight";
				INFOPLIST_KEY_UISupportedInterfaceOrientations_iPhone = "UIInterfaceOrientationPortrait UIInterfaceOrientationLandscapeLeft UIInterfaceOrientationLandscapeRight";
				LD_RUNPATH_SEARCH_PATHS = (
					"$(inherited)",
					"@executable_path/Frameworks",
				);
				MARKETING_VERSION = 1.0;
				PRODUCT_BUNDLE_IDENTIFIER = alexquintero.TrarakCapStone;
				PRODUCT_NAME = "$(TARGET_NAME)";
				SWIFT_EMIT_LOC_STRINGS = YES;
				SWIFT_VERSION = 5.0;
				TARGETED_DEVICE_FAMILY = "1,2";
			};
			name = Release;
		};
/* End XCBuildConfiguration section */

/* Begin XCConfigurationList section */
		69D2F93F295D0FB700BE8C96 /* Build configuration list for PBXProject "triviaCapStone" */ = {
			isa = XCConfigurationList;
			buildConfigurations = (
				69D2F950295D0FB900BE8C96 /* Debug */,
				69D2F951295D0FB900BE8C96 /* Release */,
			);
			defaultConfigurationIsVisible = 0;
			defaultConfigurationName = Release;
		};
		69D2F952295D0FB900BE8C96 /* Build configuration list for PBXNativeTarget "triviaCapStone" */ = {
			isa = XCConfigurationList;
			buildConfigurations = (
				69D2F953295D0FB900BE8C96 /* Debug */,
				69D2F954295D0FB900BE8C96 /* Release */,
			);
			defaultConfigurationIsVisible = 0;
			defaultConfigurationName = Release;
		};
/* End XCConfigurationList section */

/* Begin XCRemoteSwiftPackageReference section */
		69D2F96B2965F06300BE8C96 /* XCRemoteSwiftPackageReference "ConfettiSwiftUI" */ = {
			isa = XCRemoteSwiftPackageReference;
			repositoryURL = "https://github.com/simibac/ConfettiSwiftUI.git";
			requirement = {
				kind = upToNextMajorVersion;
				minimumVersion = 1.0.0;
			};
		};
/* End XCRemoteSwiftPackageReference section */

/* Begin XCSwiftPackageProductDependency section */
		69D2F96C2965F06300BE8C96 /* ConfettiSwiftUI */ = {
			isa = XCSwiftPackageProductDependency;
			package = 69D2F96B2965F06300BE8C96 /* XCRemoteSwiftPackageReference "ConfettiSwiftUI" */;
			productName = ConfettiSwiftUI;
		};
/* End XCSwiftPackageProductDependency section */
	};
	rootObject = 69D2F93C295D0FB700BE8C96 /* Project object */;
}
